
Microsoft Visual Studio Solution File, Format Version 12.00
# Visual Studio Version 17
VisualStudioVersion = 17.1.32421.90
MinimumVisualStudioVersion = 10.0.40219.1
Project("{9A19103F-16F7-4668-BE54-9A1E7A4F7556}") = "Client", "Client\Client.csproj", "{817451A3-26EB-4E91-8CFB-333C09CB93A5}"
EndProject
Project("{9A19103F-16F7-4668-BE54-9A1E7A4F7556}") = "FoodService", "FoodService\FoodService.csproj", "{0CCBC4AC-6436-4E78-830F-44D11C0D275D}"
EndProject
Project("{FAE04EC0-301F-11D3-BF4B-00C04F79EFBC}") = "FoodService.Tests", "FoodService.Tests\FoodService.Tests.csproj", "{9FFDFA6C-7CD9-4808-B316-6A18350C98E8}"
EndProject
Global
	GlobalSection(SolutionConfigurationPlatforms) = preSolution
		Debug|Any CPU = Debug|Any CPU
		Release|Any CPU = Release|Any CPU
	EndGlobalSection
	GlobalSection(ProjectConfigurationPlatforms) = postSolution
		{817451A3-26EB-4E91-8CFB-333C09CB93A5}.Debug|Any CPU.ActiveCfg = Debug|Any CPU
		{817451A3-26EB-4E91-8CFB-333C09CB93A5}.Debug|Any CPU.Build.0 = Debug|Any CPU
		{817451A3-26EB-4E91-8CFB-333C09CB93A5}.Release|Any CPU.ActiveCfg = Release|Any CPU
		{817451A3-26EB-4E91-8CFB-333C09CB93A5}.Release|Any CPU.Build.0 = Release|Any CPU
		{0CCBC4AC-6436-4E78-830F-44D11C0D275D}.Debug|Any CPU.ActiveCfg = Debug|Any CPU
		{0CCBC4AC-6436-4E78-830F-44D11C0D275D}.Debug|Any CPU.Build.0 = Debug|Any CPU
		{0CCBC4AC-6436-4E78-830F-44D11C0D275D}.Release|Any CPU.ActiveCfg = Release|Any CPU
		{0CCBC4AC-6436-4E78-830F-44D11C0D275D}.Release|Any CPU.Build.0 = Release|Any CPU
		{9FFDFA6C-7CD9-4808-B316-6A18350C98E8}.Debug|Any CPU.ActiveCfg = Debug|Any CPU
		{9FFDFA6C-7CD9-4808-B316-6A18350C98E8}.Debug|Any CPU.Build.0 = Debug|Any CPU
		{9FFDFA6C-7CD9-4808-B316-6A18350C98E8}.Release|Any CPU.ActiveCfg = Release|Any CPU
		{9FFDFA6C-7CD9-4808-B316-6A18350C98E8}.Release|Any CPU.Build.0 = Release|Any CPU
	EndGlobalSection
	GlobalSection(SolutionProperties) = preSolution
		HideSolutionNode = FALSE
	EndGlobalSection
	GlobalSection(ExtensibilityGlobals) = postSolution
		SolutionGuid = {BDE49F01-36CF-425F-9B5A-584B2C2B54EF}
	EndGlobalSection
EndGlobal
